
Microsoft Visual Studio Solution File, Format Version 12.00
# Visual Studio Version 17
VisualStudioVersion = 17.13.35931.197 d17.13
MinimumVisualStudioVersion = 10.0.40219.1
Project("{FAE04EC0-301F-11D3-BF4B-00C04F79EFBC}") = "SchoolManagementSystem.Api", "SchoolManagementSystem.Api\SchoolManagementSystem.Api.csproj", "{76A43D7E-8F5D-4AAA-AD29-C6C679794BEB}"
EndProject
Project("{FAE04EC0-301F-11D3-BF4B-00C04F79EFBC}") = "SchoolManagementSystem.Core", "SchoolManagementSystem.Core\SchoolManagementSystem.Core.csproj", "{AA664F4A-9225-4362-9B0A-77A02FAFA839}"
EndProject
Project("{FAE04EC0-301F-11D3-BF4B-00C04F79EFBC}") = "SchoolManagementSystem.Infrastructure", "SchoolManagementSystem.Infrastructure\SchoolManagementSystem.Infrastructure.csproj", "{BD6D9D0B-0F72-4C7A-A80B-E32780B6AE72}"
EndProject
Global
	GlobalSection(SolutionConfigurationPlatforms) = preSolution
		Debug|Any CPU = Debug|Any CPU
		Release|Any CPU = Release|Any CPU
	EndGlobalSection
	GlobalSection(ProjectConfigurationPlatforms) = postSolution
		{76A43D7E-8F5D-4AAA-AD29-C6C679794BEB}.Debug|Any CPU.ActiveCfg = Debug|Any CPU
		{76A43D7E-8F5D-4AAA-AD29-C6C679794BEB}.Debug|Any CPU.Build.0 = Debug|Any CPU
		{76A43D7E-8F5D-4AAA-AD29-C6C679794BEB}.Release|Any CPU.ActiveCfg = Release|Any CPU
		{76A43D7E-8F5D-4AAA-AD29-C6C679794BEB}.Release|Any CPU.Build.0 = Release|Any CPU
		{AA664F4A-9225-4362-9B0A-77A02FAFA839}.Debug|Any CPU.ActiveCfg = Debug|Any CPU
		{AA664F4A-9225-4362-9B0A-77A02FAFA839}.Debug|Any CPU.Build.0 = Debug|Any CPU
		{AA664F4A-9225-4362-9B0A-77A02FAFA839}.Release|Any CPU.ActiveCfg = Release|Any CPU
		{AA664F4A-9225-4362-9B0A-77A02FAFA839}.Release|Any CPU.Build.0 = Release|Any CPU
		{BD6D9D0B-0F72-4C7A-A80B-E32780B6AE72}.Debug|Any CPU.ActiveCfg = Debug|Any CPU
		{BD6D9D0B-0F72-4C7A-A80B-E32780B6AE72}.Debug|Any CPU.Build.0 = Debug|Any CPU
		{BD6D9D0B-0F72-4C7A-A80B-E32780B6AE72}.Release|Any CPU.ActiveCfg = Release|Any CPU
		{BD6D9D0B-0F72-4C7A-A80B-E32780B6AE72}.Release|Any CPU.Build.0 = Release|Any CPU
	EndGlobalSection
	GlobalSection(SolutionProperties) = preSolution
		HideSolutionNode = FALSE
	EndGlobalSection
	GlobalSection(ExtensibilityGlobals) = postSolution
		SolutionGuid = {AAFEC92E-1FB2-42E7-8CB1-45503E4659C9}
	EndGlobalSection
EndGlobal
